
Microsoft Visual Studio Solution File, Format Version 12.00
# Visual Studio Version 16
VisualStudioVersion = 16.0.29911.84
MinimumVisualStudioVersion = 10.0.40219.1
Project("{9A19103F-16F7-4668-BE54-9A1E7A4F7556}") = "SimpleWebHalloWorld", "SimpleWebHalloWorld.csproj", "{EF474429-B6A4-442F-B98F-ED3377D16AD9}"
EndProject
Project("{9A19103F-16F7-4668-BE54-9A1E7A4F7556}") = "SimpleWebHalloWorld_tests", "..\SimpleWebHalloWorld_tests\SimpleWebHalloWorld_tests.csproj", "{47C6EFEB-D90B-4143-AA24-4BB5D098EC33}"
EndProject
Global
	GlobalSection(SolutionConfigurationPlatforms) = preSolution
		Debug|Any CPU = Debug|Any CPU
		Release|Any CPU = Release|Any CPU
	EndGlobalSection
	GlobalSection(ProjectConfigurationPlatforms) = postSolution
		{EF474429-B6A4-442F-B98F-ED3377D16AD9}.Debug|Any CPU.ActiveCfg = Debug|Any CPU
		{EF474429-B6A4-442F-B98F-ED3377D16AD9}.Debug|Any CPU.Build.0 = Debug|Any CPU
		{EF474429-B6A4-442F-B98F-ED3377D16AD9}.Release|Any CPU.ActiveCfg = Release|Any CPU
		{EF474429-B6A4-442F-B98F-ED3377D16AD9}.Release|Any CPU.Build.0 = Release|Any CPU
		{47C6EFEB-D90B-4143-AA24-4BB5D098EC33}.Debug|Any CPU.ActiveCfg = Debug|Any CPU
		{47C6EFEB-D90B-4143-AA24-4BB5D098EC33}.Debug|Any CPU.Build.0 = Debug|Any CPU
		{47C6EFEB-D90B-4143-AA24-4BB5D098EC33}.Release|Any CPU.ActiveCfg = Release|Any CPU
		{47C6EFEB-D90B-4143-AA24-4BB5D098EC33}.Release|Any CPU.Build.0 = Release|Any CPU
	EndGlobalSection
	GlobalSection(SolutionProperties) = preSolution
		HideSolutionNode = FALSE
	EndGlobalSection
	GlobalSection(ExtensibilityGlobals) = postSolution
		SolutionGuid = {BE65CAB2-1C67-411B-B4C4-F89C9ACD1ACC}
	EndGlobalSection
EndGlobal
